
Microsoft Visual Studio Solution File, Format Version 12.00
# Visual Studio Version 17
VisualStudioVersion = 17.9.34616.47
MinimumVisualStudioVersion = 10.0.40219.1
Project("{54A90642-561A-4BB1-A94E-469ADEE60C69}") = "12591_WAD_ANGULAR", "12591_WAD_ANGULAR.esproj", "{0CC00AD6-22ED-406C-AF18-41E2AA0554D0}"
EndProject
Global
	GlobalSection(SolutionConfigurationPlatforms) = preSolution
		Debug|Any CPU = Debug|Any CPU
		Release|Any CPU = Release|Any CPU
	EndGlobalSection
	GlobalSection(ProjectConfigurationPlatforms) = postSolution
		{0CC00AD6-22ED-406C-AF18-41E2AA0554D0}.Debug|Any CPU.ActiveCfg = Debug|Any CPU
		{0CC00AD6-22ED-406C-AF18-41E2AA0554D0}.Debug|Any CPU.Build.0 = Debug|Any CPU
		{0CC00AD6-22ED-406C-AF18-41E2AA0554D0}.Debug|Any CPU.Deploy.0 = Debug|Any CPU
		{0CC00AD6-22ED-406C-AF18-41E2AA0554D0}.Release|Any CPU.ActiveCfg = Release|Any CPU
		{0CC00AD6-22ED-406C-AF18-41E2AA0554D0}.Release|Any CPU.Build.0 = Release|Any CPU
		{0CC00AD6-22ED-406C-AF18-41E2AA0554D0}.Release|Any CPU.Deploy.0 = Release|Any CPU
	EndGlobalSection
	GlobalSection(SolutionProperties) = preSolution
		HideSolutionNode = FALSE
	EndGlobalSection
	GlobalSection(ExtensibilityGlobals) = postSolution
		SolutionGuid = {E9464E43-4B7E-4E0F-AA79-18EB0C031450}
	EndGlobalSection
EndGlobal
